
Microsoft Visual Studio Solution File, Format Version 12.00
# Visual Studio 14
VisualStudioVersion = 14.0.22823.1
MinimumVisualStudioVersion = 10.0.40219.1
Project("{8BC9CEB8-8B4A-11D0-8D11-00A0C91BC942}") = "codecs", "codecs.vcxproj", "{6EA32961-5F77-49C0-AB3B-4CFC8BCF325F}"
EndProject
Project("{8BC9CEB8-8B4A-11D0-8D11-00A0C91BC942}") = "FastPFor", "FastPFor.vcxproj", "{42D8ABA4-FC4E-426C-A833-D64D06081F92}"
EndProject
Project("{8BC9CEB8-8B4A-11D0-8D11-00A0C91BC942}") = "getopt", "getopt.vcxproj", "{D0D480B3-816E-4A04-8AE4-75210F8701E0}"
EndProject
Project("{8BC9CEB8-8B4A-11D0-8D11-00A0C91BC942}") = "inmemorybenchmark", "inmemorybenchmark.vcxproj", "{635B18E0-2AD7-45A7-914E-831A6B711F89}"
EndProject
Project("{8BC9CEB8-8B4A-11D0-8D11-00A0C91BC942}") = "unit", "unit.vcxproj", "{8B2ED3AF-F2E8-480B-BE7D-7B6E44DC4BFE}"
EndProject
Project("{8BC9CEB8-8B4A-11D0-8D11-00A0C91BC942}") = "csv2maropu", "csv2maropu.vcxproj", "{0B3B4EEE-2BE4-45E0-B569-6E8EA6C20640}"
EndProject
Project("{8BC9CEB8-8B4A-11D0-8D11-00A0C91BC942}") = "entropy", "entropy.vcxproj", "{4651272C-AF97-4366-9CC2-D3F2981950E1}"
EndProject
Project("{8BC9CEB8-8B4A-11D0-8D11-00A0C91BC942}") = "example", "example.vcxproj", "{AC339FA7-903E-4641-A942-1D08D872CE94}"
EndProject
Project("{8BC9CEB8-8B4A-11D0-8D11-00A0C91BC942}") = "benchbitpacking", "benchbitpacking.vcxproj", "{2759C6D3-AEFD-488B-B0DE-2FBF38C59033}"
EndProject
Project("{8BC9CEB8-8B4A-11D0-8D11-00A0C91BC942}") = "gapstats", "gapstats.vcxproj", "{E453A390-F839-481E-BAD5-8491CB798E1E}"
EndProject
Global
	GlobalSection(SolutionConfigurationPlatforms) = preSolution
		Debug|x64 = Debug|x64
		Release|x64 = Release|x64
	EndGlobalSection
	GlobalSection(ProjectConfigurationPlatforms) = postSolution
		{6EA32961-5F77-49C0-AB3B-4CFC8BCF325F}.Debug|x64.ActiveCfg = Debug|x64
		{6EA32961-5F77-49C0-AB3B-4CFC8BCF325F}.Debug|x64.Build.0 = Debug|x64
		{6EA32961-5F77-49C0-AB3B-4CFC8BCF325F}.Release|x64.ActiveCfg = Release|x64
		{6EA32961-5F77-49C0-AB3B-4CFC8BCF325F}.Release|x64.Build.0 = Release|x64
		{42D8ABA4-FC4E-426C-A833-D64D06081F92}.Debug|x64.ActiveCfg = Debug|x64
		{42D8ABA4-FC4E-426C-A833-D64D06081F92}.Debug|x64.Build.0 = Debug|x64
		{42D8ABA4-FC4E-426C-A833-D64D06081F92}.Release|x64.ActiveCfg = Release|x64
		{42D8ABA4-FC4E-426C-A833-D64D06081F92}.Release|x64.Build.0 = Release|x64
		{D0D480B3-816E-4A04-8AE4-75210F8701E0}.Debug|x64.ActiveCfg = Debug|x64
		{D0D480B3-816E-4A04-8AE4-75210F8701E0}.Debug|x64.Build.0 = Debug|x64
		{D0D480B3-816E-4A04-8AE4-75210F8701E0}.Release|x64.ActiveCfg = Release|x64
		{D0D480B3-816E-4A04-8AE4-75210F8701E0}.Release|x64.Build.0 = Release|x64
		{635B18E0-2AD7-45A7-914E-831A6B711F89}.Debug|x64.ActiveCfg = Debug|x64
		{635B18E0-2AD7-45A7-914E-831A6B711F89}.Debug|x64.Build.0 = Debug|x64
		{635B18E0-2AD7-45A7-914E-831A6B711F89}.Release|x64.ActiveCfg = Release|x64
		{635B18E0-2AD7-45A7-914E-831A6B711F89}.Release|x64.Build.0 = Release|x64
		{8B2ED3AF-F2E8-480B-BE7D-7B6E44DC4BFE}.Debug|x64.ActiveCfg = Debug|x64
		{8B2ED3AF-F2E8-480B-BE7D-7B6E44DC4BFE}.Debug|x64.Build.0 = Debug|x64
		{8B2ED3AF-F2E8-480B-BE7D-7B6E44DC4BFE}.Release|x64.ActiveCfg = Release|x64
		{8B2ED3AF-F2E8-480B-BE7D-7B6E44DC4BFE}.Release|x64.Build.0 = Release|x64
		{0B3B4EEE-2BE4-45E0-B569-6E8EA6C20640}.Debug|x64.ActiveCfg = Debug|x64
		{0B3B4EEE-2BE4-45E0-B569-6E8EA6C20640}.Release|x64.ActiveCfg = Release|x64
		{0B3B4EEE-2BE4-45E0-B569-6E8EA6C20640}.Release|x64.Build.0 = Release|x64
		{4651272C-AF97-4366-9CC2-D3F2981950E1}.Debug|x64.ActiveCfg = Debug|x64
		{4651272C-AF97-4366-9CC2-D3F2981950E1}.Release|x64.ActiveCfg = Release|x64
		{4651272C-AF97-4366-9CC2-D3F2981950E1}.Release|x64.Build.0 = Release|x64
		{AC339FA7-903E-4641-A942-1D08D872CE94}.Debug|x64.ActiveCfg = Debug|x64
		{AC339FA7-903E-4641-A942-1D08D872CE94}.Release|x64.ActiveCfg = Release|x64
		{AC339FA7-903E-4641-A942-1D08D872CE94}.Release|x64.Build.0 = Release|x64
		{2759C6D3-AEFD-488B-B0DE-2FBF38C59033}.Debug|x64.ActiveCfg = Debug|x64
		{2759C6D3-AEFD-488B-B0DE-2FBF38C59033}.Release|x64.ActiveCfg = Release|x64
		{2759C6D3-AEFD-488B-B0DE-2FBF38C59033}.Release|x64.Build.0 = Release|x64
		{E453A390-F839-481E-BAD5-8491CB798E1E}.Debug|x64.ActiveCfg = Debug|x64
		{E453A390-F839-481E-BAD5-8491CB798E1E}.Release|x64.ActiveCfg = Release|x64
		{E453A390-F839-481E-BAD5-8491CB798E1E}.Release|x64.Build.0 = Release|x64
	EndGlobalSection
	GlobalSection(SolutionProperties) = preSolution
		HideSolutionNode = FALSE
	EndGlobalSection
EndGlobal
